
Microsoft Visual Studio Solution File, Format Version 10.00
# Visual C++ Express 2008
Project("{8BC9CEB8-8B4A-11D0-8D11-00A0C91BC942}") = "fib-dyn", "fib-dyn.vcproj", "{30389B9C-31D0-4D14-95B4-5D9E8D4EB254}"
EndProject
Global
	GlobalSection(SolutionConfigurationPlatforms) = preSolution
		Debug|Win32 = Debug|Win32
		Release|Win32 = Release|Win32
	EndGlobalSection
	GlobalSection(ProjectConfigurationPlatforms) = postSolution
		{30389B9C-31D0-4D14-95B4-5D9E8D4EB254}.Debug|Win32.ActiveCfg = Debug|Win32
		{30389B9C-31D0-4D14-95B4-5D9E8D4EB254}.Debug|Win32.Build.0 = Debug|Win32
		{30389B9C-31D0-4D14-95B4-5D9E8D4EB254}.Release|Win32.ActiveCfg = Release|Win32
		{30389B9C-31D0-4D14-95B4-5D9E8D4EB254}.Release|Win32.Build.0 = Release|Win32
	EndGlobalSection
	GlobalSection(SolutionProperties) = preSolution
		HideSolutionNode = FALSE
	EndGlobalSection
EndGlobal
