
Microsoft Visual Studio Solution File, Format Version 10.00
# Visual C++ Express 2008
Project("{8BC9CEB8-8B4A-11D0-8D11-00A0C91BC942}") = "lista", "lista.vcproj", "{AFF5581E-A5D4-461F-94CC-E6C686FA8F64}"
EndProject
Global
	GlobalSection(SolutionConfigurationPlatforms) = preSolution
		Debug|Win32 = Debug|Win32
		Release|Win32 = Release|Win32
	EndGlobalSection
	GlobalSection(ProjectConfigurationPlatforms) = postSolution
		{AFF5581E-A5D4-461F-94CC-E6C686FA8F64}.Debug|Win32.ActiveCfg = Release|Win32
		{AFF5581E-A5D4-461F-94CC-E6C686FA8F64}.Debug|Win32.Build.0 = Release|Win32
		{AFF5581E-A5D4-461F-94CC-E6C686FA8F64}.Release|Win32.ActiveCfg = Release|Win32
		{AFF5581E-A5D4-461F-94CC-E6C686FA8F64}.Release|Win32.Build.0 = Release|Win32
	EndGlobalSection
	GlobalSection(SolutionProperties) = preSolution
		HideSolutionNode = FALSE
	EndGlobalSection
EndGlobal
