
Microsoft Visual Studio Solution File, Format Version 10.00
# Visual C++ Express 2008
Project("{8BC9CEB8-8B4A-11D0-8D11-00A0C91BC942}") = "nwd", "nwd.vcproj", "{E63F8BC0-11BE-4B4A-AD5D-6F71B3DE3AC4}"
EndProject
Global
	GlobalSection(SolutionConfigurationPlatforms) = preSolution
		Debug|Win32 = Debug|Win32
		Release|Win32 = Release|Win32
	EndGlobalSection
	GlobalSection(ProjectConfigurationPlatforms) = postSolution
		{E63F8BC0-11BE-4B4A-AD5D-6F71B3DE3AC4}.Debug|Win32.ActiveCfg = Release|Win32
		{E63F8BC0-11BE-4B4A-AD5D-6F71B3DE3AC4}.Debug|Win32.Build.0 = Release|Win32
		{E63F8BC0-11BE-4B4A-AD5D-6F71B3DE3AC4}.Release|Win32.ActiveCfg = Release|Win32
		{E63F8BC0-11BE-4B4A-AD5D-6F71B3DE3AC4}.Release|Win32.Build.0 = Release|Win32
	EndGlobalSection
	GlobalSection(SolutionProperties) = preSolution
		HideSolutionNode = FALSE
	EndGlobalSection
EndGlobal
