
Microsoft Visual Studio Solution File, Format Version 10.00
# Visual C++ Express 2008
Project("{8BC9CEB8-8B4A-11D0-8D11-00A0C91BC942}") = "horner", "horner.vcproj", "{EBA95FA3-DCD5-419C-A10E-2534A677AEA6}"
EndProject
Global
	GlobalSection(SolutionConfigurationPlatforms) = preSolution
		Debug|Win32 = Debug|Win32
		Release|Win32 = Release|Win32
	EndGlobalSection
	GlobalSection(ProjectConfigurationPlatforms) = postSolution
		{EBA95FA3-DCD5-419C-A10E-2534A677AEA6}.Debug|Win32.ActiveCfg = Debug|Win32
		{EBA95FA3-DCD5-419C-A10E-2534A677AEA6}.Debug|Win32.Build.0 = Debug|Win32
		{EBA95FA3-DCD5-419C-A10E-2534A677AEA6}.Release|Win32.ActiveCfg = Release|Win32
		{EBA95FA3-DCD5-419C-A10E-2534A677AEA6}.Release|Win32.Build.0 = Release|Win32
	EndGlobalSection
	GlobalSection(SolutionProperties) = preSolution
		HideSolutionNode = FALSE
	EndGlobalSection
EndGlobal
