
Microsoft Visual Studio Solution File, Format Version 10.00
# Visual C++ Express 2008
Project("{8BC9CEB8-8B4A-11D0-8D11-00A0C91BC942}") = "znaki", "znaki.vcproj", "{F3F28F66-60C5-4F9D-B14B-15AF52099D7F}"
EndProject
Global
	GlobalSection(SolutionConfigurationPlatforms) = preSolution
		Debug|Win32 = Debug|Win32
		Release|Win32 = Release|Win32
	EndGlobalSection
	GlobalSection(ProjectConfigurationPlatforms) = postSolution
		{F3F28F66-60C5-4F9D-B14B-15AF52099D7F}.Debug|Win32.ActiveCfg = Debug|Win32
		{F3F28F66-60C5-4F9D-B14B-15AF52099D7F}.Debug|Win32.Build.0 = Debug|Win32
		{F3F28F66-60C5-4F9D-B14B-15AF52099D7F}.Release|Win32.ActiveCfg = Release|Win32
		{F3F28F66-60C5-4F9D-B14B-15AF52099D7F}.Release|Win32.Build.0 = Release|Win32
	EndGlobalSection
	GlobalSection(SolutionProperties) = preSolution
		HideSolutionNode = FALSE
	EndGlobalSection
EndGlobal
