
Microsoft Visual Studio Solution File, Format Version 10.00
# Visual C++ Express 2008
Project("{8BC9CEB8-8B4A-11D0-8D11-00A0C91BC942}") = "lista2", "lista2.vcproj", "{173B7569-F24B-47D8-87A2-DB042052CDAE}"
EndProject
Global
	GlobalSection(SolutionConfigurationPlatforms) = preSolution
		Debug|Win32 = Debug|Win32
		Release|Win32 = Release|Win32
	EndGlobalSection
	GlobalSection(ProjectConfigurationPlatforms) = postSolution
		{173B7569-F24B-47D8-87A2-DB042052CDAE}.Debug|Win32.ActiveCfg = Release|Win32
		{173B7569-F24B-47D8-87A2-DB042052CDAE}.Debug|Win32.Build.0 = Release|Win32
		{173B7569-F24B-47D8-87A2-DB042052CDAE}.Release|Win32.ActiveCfg = Release|Win32
		{173B7569-F24B-47D8-87A2-DB042052CDAE}.Release|Win32.Build.0 = Release|Win32
	EndGlobalSection
	GlobalSection(SolutionProperties) = preSolution
		HideSolutionNode = FALSE
	EndGlobalSection
EndGlobal
