
Microsoft Visual Studio Solution File, Format Version 10.00
# Visual C++ Express 2008
Project("{8BC9CEB8-8B4A-11D0-8D11-00A0C91BC942}") = "rek4", "rek4.vcproj", "{91E6A588-8262-48CD-9ACC-C7C9B9117B26}"
EndProject
Global
	GlobalSection(SolutionConfigurationPlatforms) = preSolution
		Debug|Win32 = Debug|Win32
		Release|Win32 = Release|Win32
	EndGlobalSection
	GlobalSection(ProjectConfigurationPlatforms) = postSolution
		{91E6A588-8262-48CD-9ACC-C7C9B9117B26}.Debug|Win32.ActiveCfg = Release|Win32
		{91E6A588-8262-48CD-9ACC-C7C9B9117B26}.Debug|Win32.Build.0 = Release|Win32
		{91E6A588-8262-48CD-9ACC-C7C9B9117B26}.Release|Win32.ActiveCfg = Release|Win32
		{91E6A588-8262-48CD-9ACC-C7C9B9117B26}.Release|Win32.Build.0 = Release|Win32
	EndGlobalSection
	GlobalSection(SolutionProperties) = preSolution
		HideSolutionNode = FALSE
	EndGlobalSection
EndGlobal
