
Microsoft Visual Studio Solution File, Format Version 10.00
# Visual C++ Express 2008
Project("{8BC9CEB8-8B4A-11D0-8D11-00A0C91BC942}") = "transl", "transl.vcproj", "{790E3BE4-930B-4650-ABB1-78039CD814CE}"
EndProject
Global
	GlobalSection(SolutionConfigurationPlatforms) = preSolution
		Debug|Win32 = Debug|Win32
		Release|Win32 = Release|Win32
	EndGlobalSection
	GlobalSection(ProjectConfigurationPlatforms) = postSolution
		{790E3BE4-930B-4650-ABB1-78039CD814CE}.Debug|Win32.ActiveCfg = Debug|Win32
		{790E3BE4-930B-4650-ABB1-78039CD814CE}.Debug|Win32.Build.0 = Debug|Win32
		{790E3BE4-930B-4650-ABB1-78039CD814CE}.Release|Win32.ActiveCfg = Release|Win32
		{790E3BE4-930B-4650-ABB1-78039CD814CE}.Release|Win32.Build.0 = Release|Win32
	EndGlobalSection
	GlobalSection(SolutionProperties) = preSolution
		HideSolutionNode = FALSE
	EndGlobalSection
EndGlobal
