
Microsoft Visual Studio Solution File, Format Version 10.00
# Visual C++ Express 2008
Project("{8BC9CEB8-8B4A-11D0-8D11-00A0C91BC942}") = "binary_s", "binary_s.vcproj", "{46A63B91-733A-4943-92ED-C122179EE688}"
EndProject
Global
	GlobalSection(SolutionConfigurationPlatforms) = preSolution
		Debug|Win32 = Debug|Win32
		Release|Win32 = Release|Win32
	EndGlobalSection
	GlobalSection(ProjectConfigurationPlatforms) = postSolution
		{46A63B91-733A-4943-92ED-C122179EE688}.Debug|Win32.ActiveCfg = Release|Win32
		{46A63B91-733A-4943-92ED-C122179EE688}.Debug|Win32.Build.0 = Release|Win32
		{46A63B91-733A-4943-92ED-C122179EE688}.Release|Win32.ActiveCfg = Release|Win32
		{46A63B91-733A-4943-92ED-C122179EE688}.Release|Win32.Build.0 = Release|Win32
	EndGlobalSection
	GlobalSection(SolutionProperties) = preSolution
		HideSolutionNode = FALSE
	EndGlobalSection
EndGlobal
