
Microsoft Visual Studio Solution File, Format Version 10.00
# Visual C++ Express 2008
Project("{8BC9CEB8-8B4A-11D0-8D11-00A0C91BC942}") = "heapsort", "heapsort.vcproj", "{48301D28-0AFC-455E-8C24-B3BD6F82C3E8}"
EndProject
Global
	GlobalSection(SolutionConfigurationPlatforms) = preSolution
		Debug|Win32 = Debug|Win32
		Release|Win32 = Release|Win32
	EndGlobalSection
	GlobalSection(ProjectConfigurationPlatforms) = postSolution
		{48301D28-0AFC-455E-8C24-B3BD6F82C3E8}.Debug|Win32.ActiveCfg = Release|Win32
		{48301D28-0AFC-455E-8C24-B3BD6F82C3E8}.Debug|Win32.Build.0 = Release|Win32
		{48301D28-0AFC-455E-8C24-B3BD6F82C3E8}.Release|Win32.ActiveCfg = Release|Win32
		{48301D28-0AFC-455E-8C24-B3BD6F82C3E8}.Release|Win32.Build.0 = Release|Win32
	EndGlobalSection
	GlobalSection(SolutionProperties) = preSolution
		HideSolutionNode = FALSE
	EndGlobalSection
EndGlobal
