
Microsoft Visual Studio Solution File, Format Version 10.00
# Visual C++ Express 2008
Project("{8BC9CEB8-8B4A-11D0-8D11-00A0C91BC942}") = "hanoi", "hanoi.vcproj", "{B120725D-06B3-4B59-8A73-75A0E6B31742}"
EndProject
Global
	GlobalSection(SolutionConfigurationPlatforms) = preSolution
		Debug|Win32 = Debug|Win32
		Release|Win32 = Release|Win32
	EndGlobalSection
	GlobalSection(ProjectConfigurationPlatforms) = postSolution
		{B120725D-06B3-4B59-8A73-75A0E6B31742}.Debug|Win32.ActiveCfg = Release|Win32
		{B120725D-06B3-4B59-8A73-75A0E6B31742}.Debug|Win32.Build.0 = Release|Win32
		{B120725D-06B3-4B59-8A73-75A0E6B31742}.Release|Win32.ActiveCfg = Release|Win32
		{B120725D-06B3-4B59-8A73-75A0E6B31742}.Release|Win32.Build.0 = Release|Win32
	EndGlobalSection
	GlobalSection(SolutionProperties) = preSolution
		HideSolutionNode = FALSE
	EndGlobalSection
EndGlobal
